{
    "_readme": [
        "This file locks the dependencies of your project to a known state",
        "Read more about it at https://getcomposer.org/doc/01-basic-usage.md#installing-dependencies",
        "This file is @generated automatically"
    ],
    "content-hash": "76f67114dc71511131dfecd9ae02bed5",
    "packages": [],
    "packages-dev": [
        {
            "name": "monorepo-php/monorepo",
            "version": "12.4.5",
            "source": {
                "type": "git",
                "url": "https://github.com/monorepo-php/monorepo.git",
                "reference": "058cd7781afb5b216c2ad84e05e79053c8a7680c"
            },
            "dist": {
                "type": "zip",
                "url": "https://api.github.com/repos/monorepo-php/monorepo/zipball/058cd7781afb5b216c2ad84e05e79053c8a7680c",
                "reference": "058cd7781afb5b216c2ad84e05e79053c8a7680c",
                "shasum": ""
            },
            "bin": [
                "monorepo-builder"
            ],
            "type": "library",
            "notification-url": "https://packagist.org/downloads/",
            "license": [
                "MIT"
            ],
            "description": "monorepo-builder phar",
            "support": {
                "issues": "https://github.com/monorepo-php/monorepo/issues",
                "source": "https://github.com/monorepo-php/monorepo/tree/12.4.5"
            },
            "time": "2026-01-12T02:14:43+00:00"
        }
    ],
    "aliases": [],
    "minimum-stability": "stable",
    "stability-flags": {},
    "prefer-stable": false,
    "prefer-lowest": false,
    "platform": {},
    "platform-dev": {},
    "plugin-api-version": "2.6.0"
}
